
Microsoft Visual Studio Solution File, Format Version 12.00
# Visual Studio Version 17
VisualStudioVersion = 17.0.31903.59
MinimumVisualStudioVersion = 10.0.40219.1
Project("{FAE04EC0-301F-11D3-BF4B-00C04F79EFBC}") = "CPU.MOS6502", "CPU.MOS6502\CPU.MOS6502.csproj", "{D905DB99-61F6-45A4-BE3F-90F0A5523613}"
EndProject
Project("{FAE04EC0-301F-11D3-BF4B-00C04F79EFBC}") = "CPU.MOS6502.Tests", "CPU.MOS6502.Tests\CPU.MOS6502.Tests.csproj", "{AAD9CE0F-B11F-44AA-8089-2B608F6D2CBF}"
EndProject
Project("{FAE04EC0-301F-11D3-BF4B-00C04F79EFBC}") = "Device.PIA", "Device.PIA\Device.PIA.csproj", "{410D3F82-5D9F-4215-9140-3CE8B8C89C12}"
EndProject
Project("{FAE04EC0-301F-11D3-BF4B-00C04F79EFBC}") = "Device.PIA.Tests", "Device.PIA.Tests\Device.PIA.Tests.csproj", "{EC15BCB6-8685-4A6E-85CE-DB5576B68A23}"
EndProject
Global
	GlobalSection(SolutionConfigurationPlatforms) = preSolution
		Debug|Any CPU = Debug|Any CPU
		Debug|x64 = Debug|x64
		Debug|x86 = Debug|x86
		Release|Any CPU = Release|Any CPU
		Release|x64 = Release|x64
		Release|x86 = Release|x86
	EndGlobalSection
	GlobalSection(ProjectConfigurationPlatforms) = postSolution
		{D905DB99-61F6-45A4-BE3F-90F0A5523613}.Debug|Any CPU.ActiveCfg = Debug|Any CPU
		{D905DB99-61F6-45A4-BE3F-90F0A5523613}.Debug|Any CPU.Build.0 = Debug|Any CPU
		{D905DB99-61F6-45A4-BE3F-90F0A5523613}.Debug|x64.ActiveCfg = Debug|Any CPU
		{D905DB99-61F6-45A4-BE3F-90F0A5523613}.Debug|x64.Build.0 = Debug|Any CPU
		{D905DB99-61F6-45A4-BE3F-90F0A5523613}.Debug|x86.ActiveCfg = Debug|Any CPU
		{D905DB99-61F6-45A4-BE3F-90F0A5523613}.Debug|x86.Build.0 = Debug|Any CPU
		{D905DB99-61F6-45A4-BE3F-90F0A5523613}.Release|Any CPU.ActiveCfg = Release|Any CPU
		{D905DB99-61F6-45A4-BE3F-90F0A5523613}.Release|Any CPU.Build.0 = Release|Any CPU
		{D905DB99-61F6-45A4-BE3F-90F0A5523613}.Release|x64.ActiveCfg = Release|Any CPU
		{D905DB99-61F6-45A4-BE3F-90F0A5523613}.Release|x64.Build.0 = Release|Any CPU
		{D905DB99-61F6-45A4-BE3F-90F0A5523613}.Release|x86.ActiveCfg = Release|Any CPU
		{D905DB99-61F6-45A4-BE3F-90F0A5523613}.Release|x86.Build.0 = Release|Any CPU
		{AAD9CE0F-B11F-44AA-8089-2B608F6D2CBF}.Debug|Any CPU.ActiveCfg = Debug|Any CPU
		{AAD9CE0F-B11F-44AA-8089-2B608F6D2CBF}.Debug|Any CPU.Build.0 = Debug|Any CPU
		{AAD9CE0F-B11F-44AA-8089-2B608F6D2CBF}.Debug|x64.ActiveCfg = Debug|Any CPU
		{AAD9CE0F-B11F-44AA-8089-2B608F6D2CBF}.Debug|x64.Build.0 = Debug|Any CPU
		{AAD9CE0F-B11F-44AA-8089-2B608F6D2CBF}.Debug|x86.ActiveCfg = Debug|Any CPU
		{AAD9CE0F-B11F-44AA-8089-2B608F6D2CBF}.Debug|x86.Build.0 = Debug|Any CPU
		{AAD9CE0F-B11F-44AA-8089-2B608F6D2CBF}.Release|Any CPU.ActiveCfg = Release|Any CPU
		{AAD9CE0F-B11F-44AA-8089-2B608F6D2CBF}.Release|Any CPU.Build.0 = Release|Any CPU
		{AAD9CE0F-B11F-44AA-8089-2B608F6D2CBF}.Release|x64.ActiveCfg = Release|Any CPU
		{AAD9CE0F-B11F-44AA-8089-2B608F6D2CBF}.Release|x64.Build.0 = Release|Any CPU
		{AAD9CE0F-B11F-44AA-8089-2B608F6D2CBF}.Release|x86.ActiveCfg = Release|Any CPU
		{AAD9CE0F-B11F-44AA-8089-2B608F6D2CBF}.Release|x86.Build.0 = Release|Any CPU
		{410D3F82-5D9F-4215-9140-3CE8B8C89C12}.Debug|Any CPU.ActiveCfg = Debug|Any CPU
		{410D3F82-5D9F-4215-9140-3CE8B8C89C12}.Debug|Any CPU.Build.0 = Debug|Any CPU
		{410D3F82-5D9F-4215-9140-3CE8B8C89C12}.Debug|x64.ActiveCfg = Debug|Any CPU
		{410D3F82-5D9F-4215-9140-3CE8B8C89C12}.Debug|x64.Build.0 = Debug|Any CPU
		{410D3F82-5D9F-4215-9140-3CE8B8C89C12}.Debug|x86.ActiveCfg = Debug|Any CPU
		{410D3F82-5D9F-4215-9140-3CE8B8C89C12}.Debug|x86.Build.0 = Debug|Any CPU
		{410D3F82-5D9F-4215-9140-3CE8B8C89C12}.Release|Any CPU.ActiveCfg = Release|Any CPU
		{410D3F82-5D9F-4215-9140-3CE8B8C89C12}.Release|Any CPU.Build.0 = Release|Any CPU
		{410D3F82-5D9F-4215-9140-3CE8B8C89C12}.Release|x64.ActiveCfg = Release|Any CPU
		{410D3F82-5D9F-4215-9140-3CE8B8C89C12}.Release|x64.Build.0 = Release|Any CPU
		{410D3F82-5D9F-4215-9140-3CE8B8C89C12}.Release|x86.ActiveCfg = Release|Any CPU
		{410D3F82-5D9F-4215-9140-3CE8B8C89C12}.Release|x86.Build.0 = Release|Any CPU
		{EC15BCB6-8685-4A6E-85CE-DB5576B68A23}.Debug|Any CPU.ActiveCfg = Debug|Any CPU
		{EC15BCB6-8685-4A6E-85CE-DB5576B68A23}.Debug|Any CPU.Build.0 = Debug|Any CPU
		{EC15BCB6-8685-4A6E-85CE-DB5576B68A23}.Debug|x64.ActiveCfg = Debug|Any CPU
		{EC15BCB6-8685-4A6E-85CE-DB5576B68A23}.Debug|x64.Build.0 = Debug|Any CPU
		{EC15BCB6-8685-4A6E-85CE-DB5576B68A23}.Debug|x86.ActiveCfg = Debug|Any CPU
		{EC15BCB6-8685-4A6E-85CE-DB5576B68A23}.Debug|x86.Build.0 = Debug|Any CPU
		{EC15BCB6-8685-4A6E-85CE-DB5576B68A23}.Release|Any CPU.ActiveCfg = Release|Any CPU
		{EC15BCB6-8685-4A6E-85CE-DB5576B68A23}.Release|Any CPU.Build.0 = Release|Any CPU
		{EC15BCB6-8685-4A6E-85CE-DB5576B68A23}.Release|x64.ActiveCfg = Release|Any CPU
		{EC15BCB6-8685-4A6E-85CE-DB5576B68A23}.Release|x64.Build.0 = Release|Any CPU
		{EC15BCB6-8685-4A6E-85CE-DB5576B68A23}.Release|x86.ActiveCfg = Release|Any CPU
		{EC15BCB6-8685-4A6E-85CE-DB5576B68A23}.Release|x86.Build.0 = Release|Any CPU
	EndGlobalSection
	GlobalSection(SolutionProperties) = preSolution
		HideSolutionNode = FALSE
	EndGlobalSection
EndGlobal
